
Microsoft Visual Studio Solution File, Format Version 12.00
# Visual Studio Version 17
VisualStudioVersion = 17.5.33312.197
MinimumVisualStudioVersion = 10.0.40219.1
Project("{9A19103F-16F7-4668-BE54-9A1E7A4F7556}") = "SKELETON-KING", "SKELETON-KING\SKELETON-KING.csproj", "{CC865106-C991-4206-87CF-F62485D84F39}"
EndProject
Project("{9A19103F-16F7-4668-BE54-9A1E7A4F7556}") = "ZORGATH", "ZORGATH\ZORGATH.csproj", "{10BF59AA-38D8-4B42-94EB-B16E2571D342}"
EndProject
Project("{9A19103F-16F7-4668-BE54-9A1E7A4F7556}") = "TRANSMUTANSTEIN", "TRANSMUTANSTEIN\TRANSMUTANSTEIN.csproj", "{E995B774-0D4A-4046-BEDE-8968639A64B9}"
EndProject
Project("{9A19103F-16F7-4668-BE54-9A1E7A4F7556}") = "PUZZLEBOX", "PUZZLEBOX\PUZZLEBOX.csproj", "{08C73F76-4121-4F89-B6C5-BD6BF7315C7B}"
EndProject
Project("{FAE04EC0-301F-11D3-BF4B-00C04F79EFBC}") = "KINESIS", "KINESIS\KINESIS.csproj", "{317F93C9-EF94-4BC9-A6BF-0282E0643E34}"
EndProject
Global
	GlobalSection(SolutionConfigurationPlatforms) = preSolution
		Debug|Any CPU = Debug|Any CPU
		Release|Any CPU = Release|Any CPU
	EndGlobalSection
	GlobalSection(ProjectConfigurationPlatforms) = postSolution
		{CC865106-C991-4206-87CF-F62485D84F39}.Debug|Any CPU.ActiveCfg = Debug|Any CPU
		{CC865106-C991-4206-87CF-F62485D84F39}.Debug|Any CPU.Build.0 = Debug|Any CPU
		{CC865106-C991-4206-87CF-F62485D84F39}.Release|Any CPU.ActiveCfg = Release|Any CPU
		{CC865106-C991-4206-87CF-F62485D84F39}.Release|Any CPU.Build.0 = Release|Any CPU
		{10BF59AA-38D8-4B42-94EB-B16E2571D342}.Debug|Any CPU.ActiveCfg = Debug|Any CPU
		{10BF59AA-38D8-4B42-94EB-B16E2571D342}.Debug|Any CPU.Build.0 = Debug|Any CPU
		{10BF59AA-38D8-4B42-94EB-B16E2571D342}.Release|Any CPU.ActiveCfg = Release|Any CPU
		{10BF59AA-38D8-4B42-94EB-B16E2571D342}.Release|Any CPU.Build.0 = Release|Any CPU
		{E995B774-0D4A-4046-BEDE-8968639A64B9}.Debug|Any CPU.ActiveCfg = Debug|Any CPU
		{E995B774-0D4A-4046-BEDE-8968639A64B9}.Debug|Any CPU.Build.0 = Debug|Any CPU
		{E995B774-0D4A-4046-BEDE-8968639A64B9}.Release|Any CPU.ActiveCfg = Release|Any CPU
		{E995B774-0D4A-4046-BEDE-8968639A64B9}.Release|Any CPU.Build.0 = Release|Any CPU
		{08C73F76-4121-4F89-B6C5-BD6BF7315C7B}.Debug|Any CPU.ActiveCfg = Debug|Any CPU
		{08C73F76-4121-4F89-B6C5-BD6BF7315C7B}.Debug|Any CPU.Build.0 = Debug|Any CPU
		{08C73F76-4121-4F89-B6C5-BD6BF7315C7B}.Release|Any CPU.ActiveCfg = Release|Any CPU
		{08C73F76-4121-4F89-B6C5-BD6BF7315C7B}.Release|Any CPU.Build.0 = Release|Any CPU
		{317F93C9-EF94-4BC9-A6BF-0282E0643E34}.Debug|Any CPU.ActiveCfg = Debug|Any CPU
		{317F93C9-EF94-4BC9-A6BF-0282E0643E34}.Debug|Any CPU.Build.0 = Debug|Any CPU
		{317F93C9-EF94-4BC9-A6BF-0282E0643E34}.Release|Any CPU.ActiveCfg = Release|Any CPU
		{317F93C9-EF94-4BC9-A6BF-0282E0643E34}.Release|Any CPU.Build.0 = Release|Any CPU
	EndGlobalSection
	GlobalSection(SolutionProperties) = preSolution
		HideSolutionNode = FALSE
	EndGlobalSection
	GlobalSection(ExtensibilityGlobals) = postSolution
		SolutionGuid = {25532BBA-2147-4F6B-93DB-223B3BF4A465}
	EndGlobalSection
EndGlobal
